
Microsoft Visual Studio Solution File, Format Version 12.00
# Visual Studio Version 17
VisualStudioVersion = 17.9.34622.214
MinimumVisualStudioVersion = 10.0.40219.1
Project("{FAE04EC0-301F-11D3-BF4B-00C04F79EFBC}") = "DegreeVerify.Client", "DegreeVerify\DegreeVerify.Client.csproj", "{A3D608A9-7B3D-478A-9C65-EFC1BA5E826A}"
EndProject
Project("{FAE04EC0-301F-11D3-BF4B-00C04F79EFBC}") = "DegreeVerify.Dto", "DegreeVerify.Dto\DegreeVerify.Dto.csproj", "{F00AD1A4-C01E-4D4D-A844-24EDAB2A7326}"
EndProject
Global
	GlobalSection(SolutionConfigurationPlatforms) = preSolution
		Debug|Any CPU = Debug|Any CPU
		Release|Any CPU = Release|Any CPU
	EndGlobalSection
	GlobalSection(ProjectConfigurationPlatforms) = postSolution
		{A3D608A9-7B3D-478A-9C65-EFC1BA5E826A}.Debug|Any CPU.ActiveCfg = Debug|Any CPU
		{A3D608A9-7B3D-478A-9C65-EFC1BA5E826A}.Debug|Any CPU.Build.0 = Debug|Any CPU
		{A3D608A9-7B3D-478A-9C65-EFC1BA5E826A}.Release|Any CPU.ActiveCfg = Release|Any CPU
		{A3D608A9-7B3D-478A-9C65-EFC1BA5E826A}.Release|Any CPU.Build.0 = Release|Any CPU
		{F00AD1A4-C01E-4D4D-A844-24EDAB2A7326}.Debug|Any CPU.ActiveCfg = Debug|Any CPU
		{F00AD1A4-C01E-4D4D-A844-24EDAB2A7326}.Debug|Any CPU.Build.0 = Debug|Any CPU
		{F00AD1A4-C01E-4D4D-A844-24EDAB2A7326}.Release|Any CPU.ActiveCfg = Release|Any CPU
		{F00AD1A4-C01E-4D4D-A844-24EDAB2A7326}.Release|Any CPU.Build.0 = Release|Any CPU
	EndGlobalSection
	GlobalSection(SolutionProperties) = preSolution
		HideSolutionNode = FALSE
	EndGlobalSection
	GlobalSection(ExtensibilityGlobals) = postSolution
		SolutionGuid = {7E922745-FC5B-418B-B74D-94D7BEF9E37E}
	EndGlobalSection
EndGlobal
